
Microsoft Visual Studio Solution File, Format Version 12.00
# Visual Studio Version 17
VisualStudioVersion = 17.3.32825.248
MinimumVisualStudioVersion = 10.0.40219.1
Project("{FAE04EC0-301F-11D3-BF4B-00C04F79EFBC}") = "TWUpdate", "TWUpdate.csproj", "{B93890B4-03E7-4FCD-BB09-4A7FC6162757}"
EndProject
Global
	GlobalSection(SolutionConfigurationPlatforms) = preSolution
		Debug|Any CPU = Debug|Any CPU
		Release|Any CPU = Release|Any CPU
	EndGlobalSection
	GlobalSection(ProjectConfigurationPlatforms) = postSolution
		{B93890B4-03E7-4FCD-BB09-4A7FC6162757}.Debug|Any CPU.ActiveCfg = Debug|Any CPU
		{B93890B4-03E7-4FCD-BB09-4A7FC6162757}.Debug|Any CPU.Build.0 = Debug|Any CPU
		{B93890B4-03E7-4FCD-BB09-4A7FC6162757}.Release|Any CPU.ActiveCfg = Release|Any CPU
		{B93890B4-03E7-4FCD-BB09-4A7FC6162757}.Release|Any CPU.Build.0 = Release|Any CPU
	EndGlobalSection
	GlobalSection(SolutionProperties) = preSolution
		HideSolutionNode = FALSE
	EndGlobalSection
	GlobalSection(ExtensibilityGlobals) = postSolution
		SolutionGuid = {455E36D5-0490-463B-936B-CEA9C6C19317}
	EndGlobalSection
EndGlobal
